// !$*UTF8*$!
{
	archiveVersion = 1;
	classes = {
	};
	objectVersion = 55;
	objects = {

/* Begin PBXBuildFile section */
		0D55F77B282D3E4600BB7102 /* GetNextStep.swift in Sources */ = {isa = PBXBuildFile; fileRef = 0D55F77A282D3E4600BB7102 /* GetNextStep.swift */; };
		0D6129892829D4D8003C1D06 /* Variable.swift in Sources */ = {isa = PBXBuildFile; fileRef = 0D6129882829D4D8003C1D06 /* Variable.swift */; };
		0D61298B2829DBBE003C1D06 /* UnitsAndTypes.swift in Sources */ = {isa = PBXBuildFile; fileRef = 0D61298A2829DBBE003C1D06 /* UnitsAndTypes.swift */; };
		0D701EAB2828A57F006F0C0B /* CulminatingProjectApp.swift in Sources */ = {isa = PBXBuildFile; fileRef = 0D701EAA2828A57F006F0C0B /* CulminatingProjectApp.swift */; };
		0D701EAD2828A57F006F0C0B /* ContentView.swift in Sources */ = {isa = PBXBuildFile; fileRef = 0D701EAC2828A57F006F0C0B /* ContentView.swift */; };
		0D701EAF2828A581006F0C0B /* Assets.xcassets in Resources */ = {isa = PBXBuildFile; fileRef = 0D701EAE2828A581006F0C0B /* Assets.xcassets */; };
		0D701EB22828A581006F0C0B /* Preview Assets.xcassets in Resources */ = {isa = PBXBuildFile; fileRef = 0D701EB12828A581006F0C0B /* Preview Assets.xcassets */; };
		0D72DB98282C19BD00E93EF4 /* SolutionView.swift in Sources */ = {isa = PBXBuildFile; fileRef = 0D72DB97282C19BD00E93EF4 /* SolutionView.swift */; };
/* End PBXBuildFile section */

/* Begin PBXFileReference section */
		0D55F77A282D3E4600BB7102 /* GetNextStep.swift */ = {isa = PBXFileReference; lastKnownFileType = sourcecode.swift; path = GetNextStep.swift; sourceTree = "<group>"; };
		0D6129882829D4D8003C1D06 /* Variable.swift */ = {isa = PBXFileReference; lastKnownFileType = sourcecode.swift; path = Variable.swift; sourceTree = "<group>"; };
		0D61298A2829DBBE003C1D06 /* UnitsAndTypes.swift */ = {isa = PBXFileReference; lastKnownFileType = sourcecode.swift; path = UnitsAndTypes.swift; sourceTree = "<group>"; };
		0D701EA72828A57F006F0C0B /* CulminatingProject.app */ = {isa = PBXFileReference; explicitFileType = wrapper.application; includeInIndex = 0; path = CulminatingProject.app; sourceTree = BUILT_PRODUCTS_DIR; };
		0D701EAA2828A57F006F0C0B /* CulminatingProjectApp.swift */ = {isa = PBXFileReference; lastKnownFileType = sourcecode.swift; path = CulminatingProjectApp.swift; sourceTree = "<group>"; };
		0D701EAC2828A57F006F0C0B /* ContentView.swift */ = {isa = PBXFileReference; lastKnownFileType = sourcecode.swift; path = ContentView.swift; sourceTree = "<group>"; };
		0D701EAE2828A581006F0C0B /* Assets.xcassets */ = {isa = PBXFileReference; lastKnownFileType = folder.assetcatalog; path = Assets.xcassets; sourceTree = "<group>"; };
		0D701EB12828A581006F0C0B /* Preview Assets.xcassets */ = {isa = PBXFileReference; lastKnownFileType = folder.assetcatalog; path = "Preview Assets.xcassets"; sourceTree = "<group>"; };
		0D72DB97282C19BD00E93EF4 /* SolutionView.swift */ = {isa = PBXFileReference; lastKnownFileType = sourcecode.swift; path = SolutionView.swift; sourceTree = "<group>"; };
/* End PBXFileReference section */

/* Begin PBXFrameworksBuildPhase section */
		0D701EA42828A57F006F0C0B /* Frameworks */ = {
			isa = PBXFrameworksBuildPhase;
			buildActionMask = 2147483647;
			files = (
			);
			runOnlyForDeploymentPostprocessing = 0;
		};
/* End PBXFrameworksBuildPhase section */

/* Begin PBXGroup section */
		0D701E9E2828A57E006F0C0B = {
			isa = PBXGroup;
			children = (
				0D701EA92828A57F006F0C0B /* CulminatingProject */,
				0D701EA82828A57F006F0C0B /* Products */,
			);
			sourceTree = "<group>";
		};
		0D701EA82828A57F006F0C0B /* Products */ = {
			isa = PBXGroup;
			children = (
				0D701EA72828A57F006F0C0B /* CulminatingProject.app */,
			);
			name = Products;
			sourceTree = "<group>";
		};
		0D701EA92828A57F006F0C0B /* CulminatingProject */ = {
			isa = PBXGroup;
			children = (
				0D701EAA2828A57F006F0C0B /* CulminatingProjectApp.swift */,
				0D701EAC2828A57F006F0C0B /* ContentView.swift */,
				0D6129882829D4D8003C1D06 /* Variable.swift */,
				0D61298A2829DBBE003C1D06 /* UnitsAndTypes.swift */,
				0D72DB97282C19BD00E93EF4 /* SolutionView.swift */,
				0D55F77A282D3E4600BB7102 /* GetNextStep.swift */,
				0D701EAE2828A581006F0C0B /* Assets.xcassets */,
				0D701EB02828A581006F0C0B /* Preview Content */,
			);
			path = CulminatingProject;
			sourceTree = "<group>";
		};
		0D701EB02828A581006F0C0B /* Preview Content */ = {
			isa = PBXGroup;
			children = (
				0D701EB12828A581006F0C0B /* Preview Assets.xcassets */,
			);
			path = "Preview Content";
			sourceTree = "<group>";
		};
/* End PBXGroup section */

/* Begin PBXNativeTarget section */
		0D701EA62828A57F006F0C0B /* CulminatingProject */ = {
			isa = PBXNativeTarget;
			buildConfigurationList = 0D701EB52828A581006F0C0B /* Build configuration list for PBXNativeTarget "CulminatingProject" */;
			buildPhases = (
				0D701EA32828A57F006F0C0B /* Sources */,
				0D701EA42828A57F006F0C0B /* Frameworks */,
				0D701EA52828A57F006F0C0B /* Resources */,
			);
			buildRules = (
			);
			dependencies = (
			);
			name = CulminatingProject;
			productName = CulminatingProject;
			productReference = 0D701EA72828A57F006F0C0B /* CulminatingProject.app */;
			productType = "com.apple.product-type.application";
		};
/* End PBXNativeTarget section */

/* Begin PBXProject section */
		0D701E9F2828A57E006F0C0B /* Project object */ = {
			isa = PBXProject;
			attributes = {
				BuildIndependentTargetsInParallel = 1;
				LastSwiftUpdateCheck = 1330;
				LastUpgradeCheck = 1330;
				TargetAttributes = {
					0D701EA62828A57F006F0C0B = {
						CreatedOnToolsVersion = 13.3.1;
					};
				};
			};
			buildConfigurationList = 0D701EA22828A57E006F0C0B /* Build configuration list for PBXProject "CulminatingProject" */;
			compatibilityVersion = "Xcode 13.0";
			developmentRegion = en;
			hasScannedForEncodings = 0;
			knownRegions = (
				en,
				Base,
			);
			mainGroup = 0D701E9E2828A57E006F0C0B;
			productRefGroup = 0D701EA82828A57F006F0C0B /* Products */;
			projectDirPath = "";
			projectRoot = "";
			targets = (
				0D701EA62828A57F006F0C0B /* CulminatingProject */,
			);
		};
/* End PBXProject section */

/* Begin PBXResourcesBuildPhase section */
		0D701EA52828A57F006F0C0B /* Resources */ = {
			isa = PBXResourcesBuildPhase;
			buildActionMask = 2147483647;
			files = (
				0D701EB22828A581006F0C0B /* Preview Assets.xcassets in Resources */,
				0D701EAF2828A581006F0C0B /* Assets.xcassets in Resources */,
			);
			runOnlyForDeploymentPostprocessing = 0;
		};
/* End PBXResourcesBuildPhase section */

/* Begin PBXSourcesBuildPhase section */
		0D701EA32828A57F006F0C0B /* Sources */ = {
			isa = PBXSourcesBuildPhase;
			buildActionMask = 2147483647;
			files = (
				0D55F77B282D3E4600BB7102 /* GetNextStep.swift in Sources */,
				0D701EAD2828A57F006F0C0B /* ContentView.swift in Sources */,
				0D61298B2829DBBE003C1D06 /* UnitsAndTypes.swift in Sources */,
				0D72DB98282C19BD00E93EF4 /* SolutionView.swift in Sources */,
				0D6129892829D4D8003C1D06 /* Variable.swift in Sources */,
				0D701EAB2828A57F006F0C0B /* CulminatingProjectApp.swift in Sources */,
			);
			runOnlyForDeploymentPostprocessing = 0;
		};
/* End PBXSourcesBuildPhase section */

/* Begin XCBuildConfiguration section */
		0D701EB32828A581006F0C0B /* Debug */ = {
			isa = XCBuildConfiguration;
			buildSettings = {
				ALWAYS_SEARCH_USER_PATHS = NO;
				CLANG_ANALYZER_NONNULL = YES;
				CLANG_ANALYZER_NUMBER_OBJECT_CONVERSION = YES_AGGRESSIVE;
				CLANG_CXX_LANGUAGE_STANDARD = "gnu++17";
				CLANG_ENABLE_MODULES = YES;
				CLANG_ENABLE_OBJC_ARC = YES;
				CLANG_ENABLE_OBJC_WEAK = YES;
				CLANG_WARN_BLOCK_CAPTURE_AUTORELEASING = YES;
				CLANG_WARN_BOOL_CONVERSION = YES;
				CLANG_WARN_COMMA = YES;
				CLANG_WARN_CONSTANT_CONVERSION = YES;
				CLANG_WARN_DEPRECATED_OBJC_IMPLEMENTATIONS = YES;
				CLANG_WARN_DIRECT_OBJC_ISA_USAGE = YES_ERROR;
				CLANG_WARN_DOCUMENTATION_COMMENTS = YES;
				CLANG_WARN_EMPTY_BODY = YES;
				CLANG_WARN_ENUM_CONVERSION = YES;
				CLANG_WARN_INFINITE_RECURSION = YES;
				CLANG_WARN_INT_CONVERSION = YES;
				CLANG_WARN_NON_LITERAL_NULL_CONVERSION = YES;
				CLANG_WARN_OBJC_IMPLICIT_RETAIN_SELF = YES;
				CLANG_WARN_OBJC_LITERAL_CONVERSION = YES;
				CLANG_WARN_OBJC_ROOT_CLASS = YES_ERROR;
				CLANG_WARN_QUOTED_INCLUDE_IN_FRAMEWORK_HEADER = YES;
				CLANG_WARN_RANGE_LOOP_ANALYSIS = YES;
				CLANG_WARN_STRICT_PROTOTYPES = YES;
				CLANG_WARN_SUSPICIOUS_MOVE = YES;
				CLANG_WARN_UNGUARDED_AVAILABILITY = YES_AGGRESSIVE;
				CLANG_WARN_UNREACHABLE_CODE = YES;
				CLANG_WARN__DUPLICATE_METHOD_MATCH = YES;
				COPY_PHASE_STRIP = NO;
				DEBUG_INFORMATION_FORMAT = dwarf;
				ENABLE_STRICT_OBJC_MSGSEND = YES;
				ENABLE_TESTABILITY = YES;
				GCC_C_LANGUAGE_STANDARD = gnu11;
				GCC_DYNAMIC_NO_PIC = NO;
				GCC_NO_COMMON_BLOCKS = YES;
				GCC_OPTIMIZATION_LEVEL = 0;
				GCC_PREPROCESSOR_DEFINITIONS = (
					"DEBUG=1",
					"$(inherited)",
				);
				GCC_WARN_64_TO_32_BIT_CONVERSION = YES;
				GCC_WARN_ABOUT_RETURN_TYPE = YES_ERROR;
				GCC_WARN_UNDECLARED_SELECTOR = YES;
				GCC_WARN_UNINITIALIZED_AUTOS = YES_AGGRESSIVE;
				GCC_WARN_UNUSED_FUNCTION = YES;
				GCC_WARN_UNUSED_VARIABLE = YES;
				IPHONEOS_DEPLOYMENT_TARGET = 15.4;
				MTL_ENABLE_DEBUG_INFO = INCLUDE_SOURCE;
				MTL_FAST_MATH = YES;
				ONLY_ACTIVE_ARCH = YES;
				SDKROOT = iphoneos;
				SWIFT_ACTIVE_COMPILATION_CONDITIONS = DEBUG;
				SWIFT_OPTIMIZATION_LEVEL = "-Onone";
			};
			name = Debug;
		};
		0D701EB42828A581006F0C0B /* Release */ = {
			isa = XCBuildConfiguration;
			buildSettings = {
				ALWAYS_SEARCH_USER_PATHS = NO;
				CLANG_ANALYZER_NONNULL = YES;
				CLANG_ANALYZER_NUMBER_OBJECT_CONVERSION = YES_AGGRESSIVE;
				CLANG_CXX_LANGUAGE_STANDARD = "gnu++17";
				CLANG_ENABLE_MODULES = YES;
				CLANG_ENABLE_OBJC_ARC = YES;
				CLANG_ENABLE_OBJC_WEAK = YES;
				CLANG_WARN_BLOCK_CAPTURE_AUTORELEASING = YES;
				CLANG_WARN_BOOL_CONVERSION = YES;
				CLANG_WARN_COMMA = YES;
				CLANG_WARN_CONSTANT_CONVERSION = YES;
				CLANG_WARN_DEPRECATED_OBJC_IMPLEMENTATIONS = YES;
				CLANG_WARN_DIRECT_OBJC_ISA_USAGE = YES_ERROR;
				CLANG_WARN_DOCUMENTATION_COMMENTS = YES;
				CLANG_WARN_EMPTY_BODY = YES;
				CLANG_WARN_ENUM_CONVERSION = YES;
				CLANG_WARN_INFINITE_RECURSION = YES;
				CLANG_WARN_INT_CONVERSION = YES;
				CLANG_WARN_NON_LITERAL_NULL_CONVERSION = YES;
				CLANG_WARN_OBJC_IMPLICIT_RETAIN_SELF = YES;
				CLANG_WARN_OBJC_LITERAL_CONVERSION = YES;
				CLANG_WARN_OBJC_ROOT_CLASS = YES_ERROR;
				CLANG_WARN_QUOTED_INCLUDE_IN_FRAMEWORK_HEADER = YES;
				CLANG_WARN_RANGE_LOOP_ANALYSIS = YES;
				CLANG_WARN_STRICT_PROTOTYPES = YES;
				CLANG_WARN_SUSPICIOUS_MOVE = YES;
				CLANG_WARN_UNGUARDED_AVAILABILITY = YES_AGGRESSIVE;
				CLANG_WARN_UNREACHABLE_CODE = YES;
				CLANG_WARN__DUPLICATE_METHOD_MATCH = YES;
				COPY_PHASE_STRIP = NO;
				DEBUG_INFORMATION_FORMAT = "dwarf-with-dsym";
				ENABLE_NS_ASSERTIONS = NO;
				ENABLE_STRICT_OBJC_MSGSEND = YES;
				GCC_C_LANGUAGE_STANDARD = gnu11;
				GCC_NO_COMMON_BLOCKS = YES;
				GCC_WARN_64_TO_32_BIT_CONVERSION = YES;
				GCC_WARN_ABOUT_RETURN_TYPE = YES_ERROR;
				GCC_WARN_UNDECLARED_SELECTOR = YES;
				GCC_WARN_UNINITIALIZED_AUTOS = YES_AGGRESSIVE;
				GCC_WARN_UNUSED_FUNCTION = YES;
				GCC_WARN_UNUSED_VARIABLE = YES;
				IPHONEOS_DEPLOYMENT_TARGET = 15.4;
				MTL_ENABLE_DEBUG_INFO = NO;
				MTL_FAST_MATH = YES;
				SDKROOT = iphoneos;
				SWIFT_COMPILATION_MODE = wholemodule;
				SWIFT_OPTIMIZATION_LEVEL = "-O";
				VALIDATE_PRODUCT = YES;
			};
			name = Release;
		};
		0D701EB62828A581006F0C0B /* Debug */ = {
			isa = XCBuildConfiguration;
			buildSettings = {
				ASSETCATALOG_COMPILER_APPICON_NAME = AppIcon;
				ASSETCATALOG_COMPILER_GLOBAL_ACCENT_COLOR_NAME = AccentColor;
				CODE_SIGN_STYLE = Automatic;
				CURRENT_PROJECT_VERSION = 1;
				DEVELOPMENT_ASSET_PATHS = "\"CulminatingProject/Preview Content\"";
				DEVELOPMENT_TEAM = 2K8368FUS9;
				ENABLE_PREVIEWS = YES;
				GENERATE_INFOPLIST_FILE = YES;
				INFOPLIST_KEY_UIApplicationSceneManifest_Generation = YES;
				INFOPLIST_KEY_UIApplicationSupportsIndirectInputEvents = YES;
				INFOPLIST_KEY_UILaunchScreen_Generation = YES;
				INFOPLIST_KEY_UISupportedInterfaceOrientations_iPad = "UIInterfaceOrientationPortrait UIInterfaceOrientationPortraitUpsideDown UIInterfaceOrientationLandscapeLeft UIInterfaceOrientationLandscapeRight";
				INFOPLIST_KEY_UISupportedInterfaceOrientations_iPhone = "UIInterfaceOrientationPortrait UIInterfaceOrientationLandscapeLeft UIInterfaceOrientationLandscapeRight";
				LD_RUNPATH_SEARCH_PATHS = (
					"$(inherited)",
					"@executable_path/Frameworks",
				);
				MARKETING_VERSION = 1.0;
				PRODUCT_BUNDLE_IDENTIFIER = ca.dejuanmillon.jacobo.CulminatingProject;
				PRODUCT_NAME = "$(TARGET_NAME)";
				SWIFT_EMIT_LOC_STRINGS = YES;
				SWIFT_VERSION = 5.0;
				TARGETED_DEVICE_FAMILY = "1,2";
			};
			name = Debug;
		};
		0D701EB72828A581006F0C0B /* Release */ = {
			isa = XCBuildConfiguration;
			buildSettings = {
				ASSETCATALOG_COMPILER_APPICON_NAME = AppIcon;
				ASSETCATALOG_COMPILER_GLOBAL_ACCENT_COLOR_NAME = AccentColor;
				CODE_SIGN_STYLE = Automatic;
				CURRENT_PROJECT_VERSION = 1;
				DEVELOPMENT_ASSET_PATHS = "\"CulminatingProject/Preview Content\"";
				DEVELOPMENT_TEAM = 2K8368FUS9;
				ENABLE_PREVIEWS = YES;
				GENERATE_INFOPLIST_FILE = YES;
				INFOPLIST_KEY_UIApplicationSceneManifest_Generation = YES;
				INFOPLIST_KEY_UIApplicationSupportsIndirectInputEvents = YES;
				INFOPLIST_KEY_UILaunchScreen_Generation = YES;
				INFOPLIST_KEY_UISupportedInterfaceOrientations_iPad = "UIInterfaceOrientationPortrait UIInterfaceOrientationPortraitUpsideDown UIInterfaceOrientationLandscapeLeft UIInterfaceOrientationLandscapeRight";
				INFOPLIST_KEY_UISupportedInterfaceOrientations_iPhone = "UIInterfaceOrientationPortrait UIInterfaceOrientationLandscapeLeft UIInterfaceOrientationLandscapeRight";
				LD_RUNPATH_SEARCH_PATHS = (
					"$(inherited)",
					"@executable_path/Frameworks",
				);
				MARKETING_VERSION = 1.0;
				PRODUCT_BUNDLE_IDENTIFIER = ca.dejuanmillon.jacobo.CulminatingProject;
				PRODUCT_NAME = "$(TARGET_NAME)";
				SWIFT_EMIT_LOC_STRINGS = YES;
				SWIFT_VERSION = 5.0;
				TARGETED_DEVICE_FAMILY = "1,2";
			};
			name = Release;
		};
/* End XCBuildConfiguration section */

/* Begin XCConfigurationList section */
		0D701EA22828A57E006F0C0B /* Build configuration list for PBXProject "CulminatingProject" */ = {
			isa = XCConfigurationList;
			buildConfigurations = (
				0D701EB32828A581006F0C0B /* Debug */,
				0D701EB42828A581006F0C0B /* Release */,
			);
			defaultConfigurationIsVisible = 0;
			defaultConfigurationName = Release;
		};
		0D701EB52828A581006F0C0B /* Build configuration list for PBXNativeTarget "CulminatingProject" */ = {
			isa = XCConfigurationList;
			buildConfigurations = (
				0D701EB62828A581006F0C0B /* Debug */,
				0D701EB72828A581006F0C0B /* Release */,
			);
			defaultConfigurationIsVisible = 0;
			defaultConfigurationName = Release;
		};
/* End XCConfigurationList section */
	};
	rootObject = 0D701E9F2828A57E006F0C0B /* Project object */;
}
